
Microsoft Visual Studio Solution File, Format Version 12.00
# Visual Studio Version 16
VisualStudioVersion = 16.0.31702.278
MinimumVisualStudioVersion = 10.0.40219.1
Project("{FAE04EC0-301F-11D3-BF4B-00C04F79EFBC}") = "ConsoleApp1", "ConsoleApp1\ConsoleApp1.csproj", "{CA803886-AC28-45E4-9B50-1E34B35A93BD}"
EndProject
Global
	GlobalSection(SolutionConfigurationPlatforms) = preSolution
		Debug|Any CPU = Debug|Any CPU
		Release|Any CPU = Release|Any CPU
	EndGlobalSection
	GlobalSection(ProjectConfigurationPlatforms) = postSolution
		{CA803886-AC28-45E4-9B50-1E34B35A93BD}.Debug|Any CPU.ActiveCfg = Debug|Any CPU
		{CA803886-AC28-45E4-9B50-1E34B35A93BD}.Debug|Any CPU.Build.0 = Debug|Any CPU
		{CA803886-AC28-45E4-9B50-1E34B35A93BD}.Release|Any CPU.ActiveCfg = Release|Any CPU
		{CA803886-AC28-45E4-9B50-1E34B35A93BD}.Release|Any CPU.Build.0 = Release|Any CPU
	EndGlobalSection
	GlobalSection(SolutionProperties) = preSolution
		HideSolutionNode = FALSE
	EndGlobalSection
	GlobalSection(ExtensibilityGlobals) = postSolution
		SolutionGuid = {20D99468-2D7D-4AA1-BEA1-EBF34E5CD996}
	EndGlobalSection
EndGlobal
